
Microsoft Visual Studio Solution File, Format Version 12.00
# Visual Studio 2013
VisualStudioVersion = 12.0.30501.0
MinimumVisualStudioVersion = 10.0.40219.1
Project("{2150E333-8FDC-42A3-9474-1A3956D46DE8}") = "Keep", "Keep", "{755F04C6-89E7-4A8A-B29A-C768151688F3}"
EndProject
Project("{FAE04EC0-301F-11D3-BF4B-00C04F79EFBC}") = "Keep.Windows", "Keep\Keep.Windows\Keep.Windows.csproj", "{3505049E-EDFD-4CD7-B35A-B0F98CEDDB64}"
EndProject
Project("{FAE04EC0-301F-11D3-BF4B-00C04F79EFBC}") = "Keep.WindowsPhone", "Keep\Keep.WindowsPhone\Keep.WindowsPhone.csproj", "{25E4BA9D-07CC-4825-A71B-F0771E19664E}"
EndProject
Project("{D954291E-2A0B-460D-934E-DC6B0785DB48}") = "Keep.Shared", "Keep\Keep.Shared\Keep.Shared.shproj", "{580949D5-3AB6-4D11-A3B9-101259C6A315}"
EndProject
Global
	GlobalSection(SharedMSBuildProjectFiles) = preSolution
		Keep\Keep.Shared\Keep.Shared.projitems*{25e4ba9d-07cc-4825-a71b-f0771e19664e}*SharedItemsImports = 4
		Keep\Keep.Shared\Keep.Shared.projitems*{3505049e-edfd-4cd7-b35a-b0f98ceddb64}*SharedItemsImports = 4
		Keep\Keep.Shared\Keep.Shared.projitems*{580949d5-3ab6-4d11-a3b9-101259c6a315}*SharedItemsImports = 13
	EndGlobalSection
	GlobalSection(SolutionConfigurationPlatforms) = preSolution
		Debug|Any CPU = Debug|Any CPU
		Debug|ARM = Debug|ARM
		Debug|x64 = Debug|x64
		Debug|x86 = Debug|x86
		Release|Any CPU = Release|Any CPU
		Release|ARM = Release|ARM
		Release|x64 = Release|x64
		Release|x86 = Release|x86
	EndGlobalSection
	GlobalSection(ProjectConfigurationPlatforms) = postSolution
		{3505049E-EDFD-4CD7-B35A-B0F98CEDDB64}.Debug|Any CPU.ActiveCfg = Debug|Any CPU
		{3505049E-EDFD-4CD7-B35A-B0F98CEDDB64}.Debug|Any CPU.Build.0 = Debug|Any CPU
		{3505049E-EDFD-4CD7-B35A-B0F98CEDDB64}.Debug|Any CPU.Deploy.0 = Debug|Any CPU
		{3505049E-EDFD-4CD7-B35A-B0F98CEDDB64}.Debug|ARM.ActiveCfg = Debug|ARM
		{3505049E-EDFD-4CD7-B35A-B0F98CEDDB64}.Debug|ARM.Build.0 = Debug|ARM
		{3505049E-EDFD-4CD7-B35A-B0F98CEDDB64}.Debug|ARM.Deploy.0 = Debug|ARM
		{3505049E-EDFD-4CD7-B35A-B0F98CEDDB64}.Debug|x64.ActiveCfg = Debug|x64
		{3505049E-EDFD-4CD7-B35A-B0F98CEDDB64}.Debug|x64.Build.0 = Debug|x64
		{3505049E-EDFD-4CD7-B35A-B0F98CEDDB64}.Debug|x64.Deploy.0 = Debug|x64
		{3505049E-EDFD-4CD7-B35A-B0F98CEDDB64}.Debug|x86.ActiveCfg = Debug|x86
		{3505049E-EDFD-4CD7-B35A-B0F98CEDDB64}.Debug|x86.Build.0 = Debug|x86
		{3505049E-EDFD-4CD7-B35A-B0F98CEDDB64}.Debug|x86.Deploy.0 = Debug|x86
		{3505049E-EDFD-4CD7-B35A-B0F98CEDDB64}.Release|Any CPU.ActiveCfg = Release|Any CPU
		{3505049E-EDFD-4CD7-B35A-B0F98CEDDB64}.Release|Any CPU.Build.0 = Release|Any CPU
		{3505049E-EDFD-4CD7-B35A-B0F98CEDDB64}.Release|Any CPU.Deploy.0 = Release|Any CPU
		{3505049E-EDFD-4CD7-B35A-B0F98CEDDB64}.Release|ARM.ActiveCfg = Release|ARM
		{3505049E-EDFD-4CD7-B35A-B0F98CEDDB64}.Release|ARM.Build.0 = Release|ARM
		{3505049E-EDFD-4CD7-B35A-B0F98CEDDB64}.Release|ARM.Deploy.0 = Release|ARM
		{3505049E-EDFD-4CD7-B35A-B0F98CEDDB64}.Release|x64.ActiveCfg = Release|x64
		{3505049E-EDFD-4CD7-B35A-B0F98CEDDB64}.Release|x64.Build.0 = Release|x64
		{3505049E-EDFD-4CD7-B35A-B0F98CEDDB64}.Release|x64.Deploy.0 = Release|x64
		{3505049E-EDFD-4CD7-B35A-B0F98CEDDB64}.Release|x86.ActiveCfg = Release|x86
		{3505049E-EDFD-4CD7-B35A-B0F98CEDDB64}.Release|x86.Build.0 = Release|x86
		{3505049E-EDFD-4CD7-B35A-B0F98CEDDB64}.Release|x86.Deploy.0 = Release|x86
		{25E4BA9D-07CC-4825-A71B-F0771E19664E}.Debug|Any CPU.ActiveCfg = Debug|Any CPU
		{25E4BA9D-07CC-4825-A71B-F0771E19664E}.Debug|Any CPU.Build.0 = Debug|Any CPU
		{25E4BA9D-07CC-4825-A71B-F0771E19664E}.Debug|Any CPU.Deploy.0 = Debug|Any CPU
		{25E4BA9D-07CC-4825-A71B-F0771E19664E}.Debug|ARM.ActiveCfg = Debug|ARM
		{25E4BA9D-07CC-4825-A71B-F0771E19664E}.Debug|ARM.Build.0 = Debug|ARM
		{25E4BA9D-07CC-4825-A71B-F0771E19664E}.Debug|ARM.Deploy.0 = Debug|ARM
		{25E4BA9D-07CC-4825-A71B-F0771E19664E}.Debug|x64.ActiveCfg = Debug|Any CPU
		{25E4BA9D-07CC-4825-A71B-F0771E19664E}.Debug|x86.ActiveCfg = Debug|x86
		{25E4BA9D-07CC-4825-A71B-F0771E19664E}.Debug|x86.Build.0 = Debug|x86
		{25E4BA9D-07CC-4825-A71B-F0771E19664E}.Debug|x86.Deploy.0 = Debug|x86
		{25E4BA9D-07CC-4825-A71B-F0771E19664E}.Release|Any CPU.ActiveCfg = Release|Any CPU
		{25E4BA9D-07CC-4825-A71B-F0771E19664E}.Release|Any CPU.Build.0 = Release|Any CPU
		{25E4BA9D-07CC-4825-A71B-F0771E19664E}.Release|Any CPU.Deploy.0 = Release|Any CPU
		{25E4BA9D-07CC-4825-A71B-F0771E19664E}.Release|ARM.ActiveCfg = Release|ARM
		{25E4BA9D-07CC-4825-A71B-F0771E19664E}.Release|ARM.Build.0 = Release|ARM
		{25E4BA9D-07CC-4825-A71B-F0771E19664E}.Release|ARM.Deploy.0 = Release|ARM
		{25E4BA9D-07CC-4825-A71B-F0771E19664E}.Release|x64.ActiveCfg = Release|Any CPU
		{25E4BA9D-07CC-4825-A71B-F0771E19664E}.Release|x86.ActiveCfg = Release|x86
		{25E4BA9D-07CC-4825-A71B-F0771E19664E}.Release|x86.Build.0 = Release|x86
		{25E4BA9D-07CC-4825-A71B-F0771E19664E}.Release|x86.Deploy.0 = Release|x86
	EndGlobalSection
	GlobalSection(SolutionProperties) = preSolution
		HideSolutionNode = FALSE
	EndGlobalSection
	GlobalSection(NestedProjects) = preSolution
		{3505049E-EDFD-4CD7-B35A-B0F98CEDDB64} = {755F04C6-89E7-4A8A-B29A-C768151688F3}
		{25E4BA9D-07CC-4825-A71B-F0771E19664E} = {755F04C6-89E7-4A8A-B29A-C768151688F3}
		{580949D5-3AB6-4D11-A3B9-101259C6A315} = {755F04C6-89E7-4A8A-B29A-C768151688F3}
	EndGlobalSection
EndGlobal
